
Microsoft Visual Studio Solution File, Format Version 12.00
# Visual Studio Version 17
VisualStudioVersion = 17.4.33205.214
MinimumVisualStudioVersion = 10.0.40219.1
Project("{FAE04EC0-301F-11D3-BF4B-00C04F79EFBC}") = "VRCLogParser", "VRCLogParser.csproj", "{1B55CE67-6BC8-45DB-8100-62C8542035D5}"
EndProject
Global
	GlobalSection(SolutionConfigurationPlatforms) = preSolution
		Debug|Any CPU = Debug|Any CPU
		Release|Any CPU = Release|Any CPU
	EndGlobalSection
	GlobalSection(ProjectConfigurationPlatforms) = postSolution
		{1B55CE67-6BC8-45DB-8100-62C8542035D5}.Debug|Any CPU.ActiveCfg = Debug|Any CPU
		{1B55CE67-6BC8-45DB-8100-62C8542035D5}.Debug|Any CPU.Build.0 = Debug|Any CPU
		{1B55CE67-6BC8-45DB-8100-62C8542035D5}.Release|Any CPU.ActiveCfg = Release|Any CPU
		{1B55CE67-6BC8-45DB-8100-62C8542035D5}.Release|Any CPU.Build.0 = Release|Any CPU
	EndGlobalSection
	GlobalSection(SolutionProperties) = preSolution
		HideSolutionNode = FALSE
	EndGlobalSection
	GlobalSection(ExtensibilityGlobals) = postSolution
		SolutionGuid = {BB19D427-4481-41B1-A7B0-FE59DE7AB05E}
	EndGlobalSection
EndGlobal
